
Microsoft Visual Studio Solution File, Format Version 12.00
# Visual Studio 2012
Project("{FAE04EC0-301F-11D3-BF4B-00C04F79EFBC}") = "Sembrar", "Sembrar\Sembrar.csproj", "{2F99C644-3DBE-4893-A97C-A009F6EC1AE5}"
EndProject
Project("{FAE04EC0-301F-11D3-BF4B-00C04F79EFBC}") = "CapaDatos", "CapaDatos\CapaDatos.csproj", "{4158D5D1-8848-45EA-95D2-A30CC3B4F3F4}"
EndProject
Project("{FAE04EC0-301F-11D3-BF4B-00C04F79EFBC}") = "CapaNegocio", "CapaNegocio\CapaNegocio.csproj", "{0E418925-7F06-4792-97C1-9954F0C881E0}"
EndProject
Global
	GlobalSection(SolutionConfigurationPlatforms) = preSolution
		Debug|Any CPU = Debug|Any CPU
		Release|Any CPU = Release|Any CPU
	EndGlobalSection
	GlobalSection(ProjectConfigurationPlatforms) = postSolution
		{2F99C644-3DBE-4893-A97C-A009F6EC1AE5}.Debug|Any CPU.ActiveCfg = Debug|Any CPU
		{2F99C644-3DBE-4893-A97C-A009F6EC1AE5}.Debug|Any CPU.Build.0 = Debug|Any CPU
		{2F99C644-3DBE-4893-A97C-A009F6EC1AE5}.Release|Any CPU.ActiveCfg = Release|Any CPU
		{2F99C644-3DBE-4893-A97C-A009F6EC1AE5}.Release|Any CPU.Build.0 = Release|Any CPU
		{4158D5D1-8848-45EA-95D2-A30CC3B4F3F4}.Debug|Any CPU.ActiveCfg = Debug|Any CPU
		{4158D5D1-8848-45EA-95D2-A30CC3B4F3F4}.Debug|Any CPU.Build.0 = Debug|Any CPU
		{4158D5D1-8848-45EA-95D2-A30CC3B4F3F4}.Release|Any CPU.ActiveCfg = Release|Any CPU
		{4158D5D1-8848-45EA-95D2-A30CC3B4F3F4}.Release|Any CPU.Build.0 = Release|Any CPU
		{0E418925-7F06-4792-97C1-9954F0C881E0}.Debug|Any CPU.ActiveCfg = Debug|Any CPU
		{0E418925-7F06-4792-97C1-9954F0C881E0}.Debug|Any CPU.Build.0 = Debug|Any CPU
		{0E418925-7F06-4792-97C1-9954F0C881E0}.Release|Any CPU.ActiveCfg = Release|Any CPU
		{0E418925-7F06-4792-97C1-9954F0C881E0}.Release|Any CPU.Build.0 = Release|Any CPU
	EndGlobalSection
	GlobalSection(SolutionProperties) = preSolution
		HideSolutionNode = FALSE
	EndGlobalSection
EndGlobal
